
Microsoft Visual Studio Solution File, Format Version 12.00
# Visual Studio Version 17
VisualStudioVersion = 17.14.36717.8
MinimumVisualStudioVersion = 10.0.40219.1
Project("{FAE04EC0-301F-11D3-BF4B-00C04F79EFBC}") = "QCS.API", "QCS.API\QCS.API.csproj", "{423F0392-729F-45AC-BAD7-A00F87AEC68B}"
EndProject
Project("{2150E333-8FDC-42A3-9474-1A3956D46DE8}") = "DevExtreme NuGet.config", "DevExtreme NuGet.config", "{02EA681E-C7D8-13C7-8484-4AC65E1B71E8}"
	ProjectSection(SolutionItems) = preProject
		NuGet.config = NuGet.config
	EndProjectSection
EndProject
Project("{FAE04EC0-301F-11D3-BF4B-00C04F79EFBC}") = "QCS.Web.User", "QCS.Web.User\QCS.Web.User.csproj", "{487CB526-68B1-4E66-8E23-824D12752BFC}"
EndProject
Project("{2150E333-8FDC-42A3-9474-1A3956D46DE8}") = "Core & Infrastructure", "Core & Infrastructure", "{BEA52D67-E982-4691-ADCB-9FF206C9E71D}"
EndProject
Project("{2150E333-8FDC-42A3-9474-1A3956D46DE8}") = "Back-end (API)", "Back-end (API)", "{F7DCE79C-5985-4562-9A70-B6D45F74676A}"
EndProject
Project("{2150E333-8FDC-42A3-9474-1A3956D46DE8}") = "Front-end (User Interface)", "Front-end (User Interface)", "{44C371D3-5F1B-4436-A098-C4BF45D9E9EB}"
EndProject
Project("{FAE04EC0-301F-11D3-BF4B-00C04F79EFBC}") = "QCS.Domain", "QCS.Domain\QCS.Domain.csproj", "{E2BAE380-6B0A-4E5A-B060-AF1EB852D082}"
EndProject
Project("{FAE04EC0-301F-11D3-BF4B-00C04F79EFBC}") = "QCS.Application", "QCS.Application\QCS.Application.csproj", "{B1D410AD-C51A-47FC-B92F-65138FBCA8C7}"
EndProject
Project("{FAE04EC0-301F-11D3-BF4B-00C04F79EFBC}") = "QCS.Infrastructure", "QCS.Infrastructure\QCS.Infrastructure.csproj", "{5F95905B-1FF4-49F8-9695-A44357D3B987}"
EndProject
Project("{FAE04EC0-301F-11D3-BF4B-00C04F79EFBC}") = "QCS.Web.Shared", "QCS.Web.Shared\QCS.Web.Shared.csproj", "{BD5D1D76-D741-4734-A576-69F40C0586A9}"
EndProject
Project("{2150E333-8FDC-42A3-9474-1A3956D46DE8}") = "artifacts", "artifacts", "{99116B1D-F007-E82B-443C-F02EDF2152BC}"
EndProject
Project("{2150E333-8FDC-42A3-9474-1A3956D46DE8}") = "api-check", "api-check", "{EAD0AE9D-7D7E-C6AB-D989-ED6D51F6E4CB}"
EndProject
Project("{FAE04EC0-301F-11D3-BF4B-00C04F79EFBC}") = "PdfRenderCheck", "artifacts\api-check\PdfRenderCheck\PdfRenderCheck.csproj", "{8EABB0AE-7313-4DF6-BFFE-60FA071B3B72}"
EndProject
Project("{FAE04EC0-301F-11D3-BF4B-00C04F79EFBC}") = "PdfStampDebug", "artifacts\api-check\PdfStampDebug\PdfStampDebug.csproj", "{48918381-2410-4DA7-B436-1FC732780C4D}"
EndProject
Project("{FAE04EC0-301F-11D3-BF4B-00C04F79EFBC}") = "PdfApiInspect", "artifacts\api-check\PdfApiInspect\PdfApiInspect.csproj", "{60256A67-9014-415C-AD46-283EE616356E}"
EndProject
Project("{FAE04EC0-301F-11D3-BF4B-00C04F79EFBC}") = "PdfOverlayProbe", "artifacts\api-check\PdfOverlayProbe\PdfOverlayProbe.csproj", "{98083FF9-B246-467C-8A5F-6AC89BE91B5B}"
EndProject
Project("{FAE04EC0-301F-11D3-BF4B-00C04F79EFBC}") = "PdfAnnotationInspect", "artifacts\api-check\PdfAnnotationInspect\PdfAnnotationInspect.csproj", "{62FB0FD9-71FA-42B7-A3D0-3F265570E378}"
EndProject
Project("{FAE04EC0-301F-11D3-BF4B-00C04F79EFBC}") = "PdfTextAnnotationInspect", "artifacts\api-check\PdfTextAnnotationInspect\PdfTextAnnotationInspect.csproj", "{30C7E742-0141-45EB-B7AA-F39B7BC5907C}"
EndProject
Project("{FAE04EC0-301F-11D3-BF4B-00C04F79EFBC}") = "PdfOverlayProbeGdi", "artifacts\api-check\PdfOverlayProbeGdi\PdfOverlayProbeGdi.csproj", "{585A0D1F-2608-458F-9864-674C9D429EF1}"
EndProject
Project("{FAE04EC0-301F-11D3-BF4B-00C04F79EFBC}") = "PdfRebuildProbe", "artifacts\api-check\PdfRebuildProbe\PdfRebuildProbe.csproj", "{C93C95CD-84EE-452C-ACF5-F95F1029D53B}"
EndProject
Project("{FAE04EC0-301F-11D3-BF4B-00C04F79EFBC}") = "PdfRasterStampProbe", "artifacts\api-check\PdfRasterStampProbe\PdfRasterStampProbe.csproj", "{BB52E1A5-231D-41CA-8355-7B19639FFE66}"
EndProject
Global
	GlobalSection(SolutionConfigurationPlatforms) = preSolution
		Debug|Any CPU = Debug|Any CPU
		Debug|x64 = Debug|x64
		Debug|x86 = Debug|x86
		Release|Any CPU = Release|Any CPU
		Release|x64 = Release|x64
		Release|x86 = Release|x86
	EndGlobalSection
	GlobalSection(ProjectConfigurationPlatforms) = postSolution
		{423F0392-729F-45AC-BAD7-A00F87AEC68B}.Debug|Any CPU.ActiveCfg = Debug|Any CPU
		{423F0392-729F-45AC-BAD7-A00F87AEC68B}.Debug|Any CPU.Build.0 = Debug|Any CPU
		{423F0392-729F-45AC-BAD7-A00F87AEC68B}.Debug|x64.ActiveCfg = Debug|Any CPU
		{423F0392-729F-45AC-BAD7-A00F87AEC68B}.Debug|x64.Build.0 = Debug|Any CPU
		{423F0392-729F-45AC-BAD7-A00F87AEC68B}.Debug|x86.ActiveCfg = Debug|Any CPU
		{423F0392-729F-45AC-BAD7-A00F87AEC68B}.Debug|x86.Build.0 = Debug|Any CPU
		{423F0392-729F-45AC-BAD7-A00F87AEC68B}.Release|Any CPU.ActiveCfg = Release|Any CPU
		{423F0392-729F-45AC-BAD7-A00F87AEC68B}.Release|Any CPU.Build.0 = Release|Any CPU
		{423F0392-729F-45AC-BAD7-A00F87AEC68B}.Release|x64.ActiveCfg = Release|Any CPU
		{423F0392-729F-45AC-BAD7-A00F87AEC68B}.Release|x64.Build.0 = Release|Any CPU
		{423F0392-729F-45AC-BAD7-A00F87AEC68B}.Release|x86.ActiveCfg = Release|Any CPU
		{423F0392-729F-45AC-BAD7-A00F87AEC68B}.Release|x86.Build.0 = Release|Any CPU
		{487CB526-68B1-4E66-8E23-824D12752BFC}.Debug|Any CPU.ActiveCfg = Debug|Any CPU
		{487CB526-68B1-4E66-8E23-824D12752BFC}.Debug|Any CPU.Build.0 = Debug|Any CPU
		{487CB526-68B1-4E66-8E23-824D12752BFC}.Debug|x64.ActiveCfg = Debug|Any CPU
		{487CB526-68B1-4E66-8E23-824D12752BFC}.Debug|x64.Build.0 = Debug|Any CPU
		{487CB526-68B1-4E66-8E23-824D12752BFC}.Debug|x86.ActiveCfg = Debug|Any CPU
		{487CB526-68B1-4E66-8E23-824D12752BFC}.Debug|x86.Build.0 = Debug|Any CPU
		{487CB526-68B1-4E66-8E23-824D12752BFC}.Release|Any CPU.ActiveCfg = Release|Any CPU
		{487CB526-68B1-4E66-8E23-824D12752BFC}.Release|Any CPU.Build.0 = Release|Any CPU
		{487CB526-68B1-4E66-8E23-824D12752BFC}.Release|x64.ActiveCfg = Release|Any CPU
		{487CB526-68B1-4E66-8E23-824D12752BFC}.Release|x64.Build.0 = Release|Any CPU
		{487CB526-68B1-4E66-8E23-824D12752BFC}.Release|x86.ActiveCfg = Release|Any CPU
		{487CB526-68B1-4E66-8E23-824D12752BFC}.Release|x86.Build.0 = Release|Any CPU
		{E2BAE380-6B0A-4E5A-B060-AF1EB852D082}.Debug|Any CPU.ActiveCfg = Debug|Any CPU
		{E2BAE380-6B0A-4E5A-B060-AF1EB852D082}.Debug|Any CPU.Build.0 = Debug|Any CPU
		{E2BAE380-6B0A-4E5A-B060-AF1EB852D082}.Debug|x64.ActiveCfg = Debug|Any CPU
		{E2BAE380-6B0A-4E5A-B060-AF1EB852D082}.Debug|x64.Build.0 = Debug|Any CPU
		{E2BAE380-6B0A-4E5A-B060-AF1EB852D082}.Debug|x86.ActiveCfg = Debug|Any CPU
		{E2BAE380-6B0A-4E5A-B060-AF1EB852D082}.Debug|x86.Build.0 = Debug|Any CPU
		{E2BAE380-6B0A-4E5A-B060-AF1EB852D082}.Release|Any CPU.ActiveCfg = Release|Any CPU
		{E2BAE380-6B0A-4E5A-B060-AF1EB852D082}.Release|Any CPU.Build.0 = Release|Any CPU
		{E2BAE380-6B0A-4E5A-B060-AF1EB852D082}.Release|x64.ActiveCfg = Release|Any CPU
		{E2BAE380-6B0A-4E5A-B060-AF1EB852D082}.Release|x64.Build.0 = Release|Any CPU
		{E2BAE380-6B0A-4E5A-B060-AF1EB852D082}.Release|x86.ActiveCfg = Release|Any CPU
		{E2BAE380-6B0A-4E5A-B060-AF1EB852D082}.Release|x86.Build.0 = Release|Any CPU
		{B1D410AD-C51A-47FC-B92F-65138FBCA8C7}.Debug|Any CPU.ActiveCfg = Debug|Any CPU
		{B1D410AD-C51A-47FC-B92F-65138FBCA8C7}.Debug|Any CPU.Build.0 = Debug|Any CPU
		{B1D410AD-C51A-47FC-B92F-65138FBCA8C7}.Debug|x64.ActiveCfg = Debug|Any CPU
		{B1D410AD-C51A-47FC-B92F-65138FBCA8C7}.Debug|x64.Build.0 = Debug|Any CPU
		{B1D410AD-C51A-47FC-B92F-65138FBCA8C7}.Debug|x86.ActiveCfg = Debug|Any CPU
		{B1D410AD-C51A-47FC-B92F-65138FBCA8C7}.Debug|x86.Build.0 = Debug|Any CPU
		{B1D410AD-C51A-47FC-B92F-65138FBCA8C7}.Release|Any CPU.ActiveCfg = Release|Any CPU
		{B1D410AD-C51A-47FC-B92F-65138FBCA8C7}.Release|Any CPU.Build.0 = Release|Any CPU
		{B1D410AD-C51A-47FC-B92F-65138FBCA8C7}.Release|x64.ActiveCfg = Release|Any CPU
		{B1D410AD-C51A-47FC-B92F-65138FBCA8C7}.Release|x64.Build.0 = Release|Any CPU
		{B1D410AD-C51A-47FC-B92F-65138FBCA8C7}.Release|x86.ActiveCfg = Release|Any CPU
		{B1D410AD-C51A-47FC-B92F-65138FBCA8C7}.Release|x86.Build.0 = Release|Any CPU
		{5F95905B-1FF4-49F8-9695-A44357D3B987}.Debug|Any CPU.ActiveCfg = Debug|Any CPU
		{5F95905B-1FF4-49F8-9695-A44357D3B987}.Debug|Any CPU.Build.0 = Debug|Any CPU
		{5F95905B-1FF4-49F8-9695-A44357D3B987}.Debug|x64.ActiveCfg = Debug|Any CPU
		{5F95905B-1FF4-49F8-9695-A44357D3B987}.Debug|x64.Build.0 = Debug|Any CPU
		{5F95905B-1FF4-49F8-9695-A44357D3B987}.Debug|x86.ActiveCfg = Debug|Any CPU
		{5F95905B-1FF4-49F8-9695-A44357D3B987}.Debug|x86.Build.0 = Debug|Any CPU
		{5F95905B-1FF4-49F8-9695-A44357D3B987}.Release|Any CPU.ActiveCfg = Release|Any CPU
		{5F95905B-1FF4-49F8-9695-A44357D3B987}.Release|Any CPU.Build.0 = Release|Any CPU
		{5F95905B-1FF4-49F8-9695-A44357D3B987}.Release|x64.ActiveCfg = Release|Any CPU
		{5F95905B-1FF4-49F8-9695-A44357D3B987}.Release|x64.Build.0 = Release|Any CPU
		{5F95905B-1FF4-49F8-9695-A44357D3B987}.Release|x86.ActiveCfg = Release|Any CPU
		{5F95905B-1FF4-49F8-9695-A44357D3B987}.Release|x86.Build.0 = Release|Any CPU
		{BD5D1D76-D741-4734-A576-69F40C0586A9}.Debug|Any CPU.ActiveCfg = Debug|Any CPU
		{BD5D1D76-D741-4734-A576-69F40C0586A9}.Debug|Any CPU.Build.0 = Debug|Any CPU
		{BD5D1D76-D741-4734-A576-69F40C0586A9}.Debug|x64.ActiveCfg = Debug|Any CPU
		{BD5D1D76-D741-4734-A576-69F40C0586A9}.Debug|x64.Build.0 = Debug|Any CPU
		{BD5D1D76-D741-4734-A576-69F40C0586A9}.Debug|x86.ActiveCfg = Debug|Any CPU
		{BD5D1D76-D741-4734-A576-69F40C0586A9}.Debug|x86.Build.0 = Debug|Any CPU
		{BD5D1D76-D741-4734-A576-69F40C0586A9}.Release|Any CPU.ActiveCfg = Release|Any CPU
		{BD5D1D76-D741-4734-A576-69F40C0586A9}.Release|Any CPU.Build.0 = Release|Any CPU
		{BD5D1D76-D741-4734-A576-69F40C0586A9}.Release|x64.ActiveCfg = Release|Any CPU
		{BD5D1D76-D741-4734-A576-69F40C0586A9}.Release|x64.Build.0 = Release|Any CPU
		{BD5D1D76-D741-4734-A576-69F40C0586A9}.Release|x86.ActiveCfg = Release|Any CPU
		{BD5D1D76-D741-4734-A576-69F40C0586A9}.Release|x86.Build.0 = Release|Any CPU
		{8EABB0AE-7313-4DF6-BFFE-60FA071B3B72}.Debug|Any CPU.ActiveCfg = Debug|Any CPU
		{8EABB0AE-7313-4DF6-BFFE-60FA071B3B72}.Debug|Any CPU.Build.0 = Debug|Any CPU
		{8EABB0AE-7313-4DF6-BFFE-60FA071B3B72}.Debug|x64.ActiveCfg = Debug|Any CPU
		{8EABB0AE-7313-4DF6-BFFE-60FA071B3B72}.Debug|x64.Build.0 = Debug|Any CPU
		{8EABB0AE-7313-4DF6-BFFE-60FA071B3B72}.Debug|x86.ActiveCfg = Debug|Any CPU
		{8EABB0AE-7313-4DF6-BFFE-60FA071B3B72}.Debug|x86.Build.0 = Debug|Any CPU
		{8EABB0AE-7313-4DF6-BFFE-60FA071B3B72}.Release|Any CPU.ActiveCfg = Release|Any CPU
		{8EABB0AE-7313-4DF6-BFFE-60FA071B3B72}.Release|Any CPU.Build.0 = Release|Any CPU
		{8EABB0AE-7313-4DF6-BFFE-60FA071B3B72}.Release|x64.ActiveCfg = Release|Any CPU
		{8EABB0AE-7313-4DF6-BFFE-60FA071B3B72}.Release|x64.Build.0 = Release|Any CPU
		{8EABB0AE-7313-4DF6-BFFE-60FA071B3B72}.Release|x86.ActiveCfg = Release|Any CPU
		{8EABB0AE-7313-4DF6-BFFE-60FA071B3B72}.Release|x86.Build.0 = Release|Any CPU
		{48918381-2410-4DA7-B436-1FC732780C4D}.Debug|Any CPU.ActiveCfg = Debug|Any CPU
		{48918381-2410-4DA7-B436-1FC732780C4D}.Debug|Any CPU.Build.0 = Debug|Any CPU
		{48918381-2410-4DA7-B436-1FC732780C4D}.Debug|x64.ActiveCfg = Debug|Any CPU
		{48918381-2410-4DA7-B436-1FC732780C4D}.Debug|x64.Build.0 = Debug|Any CPU
		{48918381-2410-4DA7-B436-1FC732780C4D}.Debug|x86.ActiveCfg = Debug|Any CPU
		{48918381-2410-4DA7-B436-1FC732780C4D}.Debug|x86.Build.0 = Debug|Any CPU
		{48918381-2410-4DA7-B436-1FC732780C4D}.Release|Any CPU.ActiveCfg = Release|Any CPU
		{48918381-2410-4DA7-B436-1FC732780C4D}.Release|Any CPU.Build.0 = Release|Any CPU
		{48918381-2410-4DA7-B436-1FC732780C4D}.Release|x64.ActiveCfg = Release|Any CPU
		{48918381-2410-4DA7-B436-1FC732780C4D}.Release|x64.Build.0 = Release|Any CPU
		{48918381-2410-4DA7-B436-1FC732780C4D}.Release|x86.ActiveCfg = Release|Any CPU
		{48918381-2410-4DA7-B436-1FC732780C4D}.Release|x86.Build.0 = Release|Any CPU
		{60256A67-9014-415C-AD46-283EE616356E}.Debug|Any CPU.ActiveCfg = Debug|Any CPU
		{60256A67-9014-415C-AD46-283EE616356E}.Debug|Any CPU.Build.0 = Debug|Any CPU
		{60256A67-9014-415C-AD46-283EE616356E}.Debug|x64.ActiveCfg = Debug|Any CPU
		{60256A67-9014-415C-AD46-283EE616356E}.Debug|x64.Build.0 = Debug|Any CPU
		{60256A67-9014-415C-AD46-283EE616356E}.Debug|x86.ActiveCfg = Debug|Any CPU
		{60256A67-9014-415C-AD46-283EE616356E}.Debug|x86.Build.0 = Debug|Any CPU
		{60256A67-9014-415C-AD46-283EE616356E}.Release|Any CPU.ActiveCfg = Release|Any CPU
		{60256A67-9014-415C-AD46-283EE616356E}.Release|Any CPU.Build.0 = Release|Any CPU
		{60256A67-9014-415C-AD46-283EE616356E}.Release|x64.ActiveCfg = Release|Any CPU
		{60256A67-9014-415C-AD46-283EE616356E}.Release|x64.Build.0 = Release|Any CPU
		{60256A67-9014-415C-AD46-283EE616356E}.Release|x86.ActiveCfg = Release|Any CPU
		{60256A67-9014-415C-AD46-283EE616356E}.Release|x86.Build.0 = Release|Any CPU
		{98083FF9-B246-467C-8A5F-6AC89BE91B5B}.Debug|Any CPU.ActiveCfg = Debug|Any CPU
		{98083FF9-B246-467C-8A5F-6AC89BE91B5B}.Debug|Any CPU.Build.0 = Debug|Any CPU
		{98083FF9-B246-467C-8A5F-6AC89BE91B5B}.Debug|x64.ActiveCfg = Debug|Any CPU
		{98083FF9-B246-467C-8A5F-6AC89BE91B5B}.Debug|x64.Build.0 = Debug|Any CPU
		{98083FF9-B246-467C-8A5F-6AC89BE91B5B}.Debug|x86.ActiveCfg = Debug|Any CPU
		{98083FF9-B246-467C-8A5F-6AC89BE91B5B}.Debug|x86.Build.0 = Debug|Any CPU
		{98083FF9-B246-467C-8A5F-6AC89BE91B5B}.Release|Any CPU.ActiveCfg = Release|Any CPU
		{98083FF9-B246-467C-8A5F-6AC89BE91B5B}.Release|Any CPU.Build.0 = Release|Any CPU
		{98083FF9-B246-467C-8A5F-6AC89BE91B5B}.Release|x64.ActiveCfg = Release|Any CPU
		{98083FF9-B246-467C-8A5F-6AC89BE91B5B}.Release|x64.Build.0 = Release|Any CPU
		{98083FF9-B246-467C-8A5F-6AC89BE91B5B}.Release|x86.ActiveCfg = Release|Any CPU
		{98083FF9-B246-467C-8A5F-6AC89BE91B5B}.Release|x86.Build.0 = Release|Any CPU
		{62FB0FD9-71FA-42B7-A3D0-3F265570E378}.Debug|Any CPU.ActiveCfg = Debug|Any CPU
		{62FB0FD9-71FA-42B7-A3D0-3F265570E378}.Debug|Any CPU.Build.0 = Debug|Any CPU
		{62FB0FD9-71FA-42B7-A3D0-3F265570E378}.Debug|x64.ActiveCfg = Debug|Any CPU
		{62FB0FD9-71FA-42B7-A3D0-3F265570E378}.Debug|x64.Build.0 = Debug|Any CPU
		{62FB0FD9-71FA-42B7-A3D0-3F265570E378}.Debug|x86.ActiveCfg = Debug|Any CPU
		{62FB0FD9-71FA-42B7-A3D0-3F265570E378}.Debug|x86.Build.0 = Debug|Any CPU
		{62FB0FD9-71FA-42B7-A3D0-3F265570E378}.Release|Any CPU.ActiveCfg = Release|Any CPU
		{62FB0FD9-71FA-42B7-A3D0-3F265570E378}.Release|Any CPU.Build.0 = Release|Any CPU
		{62FB0FD9-71FA-42B7-A3D0-3F265570E378}.Release|x64.ActiveCfg = Release|Any CPU
		{62FB0FD9-71FA-42B7-A3D0-3F265570E378}.Release|x64.Build.0 = Release|Any CPU
		{62FB0FD9-71FA-42B7-A3D0-3F265570E378}.Release|x86.ActiveCfg = Release|Any CPU
		{62FB0FD9-71FA-42B7-A3D0-3F265570E378}.Release|x86.Build.0 = Release|Any CPU
		{30C7E742-0141-45EB-B7AA-F39B7BC5907C}.Debug|Any CPU.ActiveCfg = Debug|Any CPU
		{30C7E742-0141-45EB-B7AA-F39B7BC5907C}.Debug|Any CPU.Build.0 = Debug|Any CPU
		{30C7E742-0141-45EB-B7AA-F39B7BC5907C}.Debug|x64.ActiveCfg = Debug|Any CPU
		{30C7E742-0141-45EB-B7AA-F39B7BC5907C}.Debug|x64.Build.0 = Debug|Any CPU
		{30C7E742-0141-45EB-B7AA-F39B7BC5907C}.Debug|x86.ActiveCfg = Debug|Any CPU
		{30C7E742-0141-45EB-B7AA-F39B7BC5907C}.Debug|x86.Build.0 = Debug|Any CPU
		{30C7E742-0141-45EB-B7AA-F39B7BC5907C}.Release|Any CPU.ActiveCfg = Release|Any CPU
		{30C7E742-0141-45EB-B7AA-F39B7BC5907C}.Release|Any CPU.Build.0 = Release|Any CPU
		{30C7E742-0141-45EB-B7AA-F39B7BC5907C}.Release|x64.ActiveCfg = Release|Any CPU
		{30C7E742-0141-45EB-B7AA-F39B7BC5907C}.Release|x64.Build.0 = Release|Any CPU
		{30C7E742-0141-45EB-B7AA-F39B7BC5907C}.Release|x86.ActiveCfg = Release|Any CPU
		{30C7E742-0141-45EB-B7AA-F39B7BC5907C}.Release|x86.Build.0 = Release|Any CPU
		{585A0D1F-2608-458F-9864-674C9D429EF1}.Debug|Any CPU.ActiveCfg = Debug|Any CPU
		{585A0D1F-2608-458F-9864-674C9D429EF1}.Debug|Any CPU.Build.0 = Debug|Any CPU
		{585A0D1F-2608-458F-9864-674C9D429EF1}.Debug|x64.ActiveCfg = Debug|Any CPU
		{585A0D1F-2608-458F-9864-674C9D429EF1}.Debug|x64.Build.0 = Debug|Any CPU
		{585A0D1F-2608-458F-9864-674C9D429EF1}.Debug|x86.ActiveCfg = Debug|Any CPU
		{585A0D1F-2608-458F-9864-674C9D429EF1}.Debug|x86.Build.0 = Debug|Any CPU
		{585A0D1F-2608-458F-9864-674C9D429EF1}.Release|Any CPU.ActiveCfg = Release|Any CPU
		{585A0D1F-2608-458F-9864-674C9D429EF1}.Release|Any CPU.Build.0 = Release|Any CPU
		{585A0D1F-2608-458F-9864-674C9D429EF1}.Release|x64.ActiveCfg = Release|Any CPU
		{585A0D1F-2608-458F-9864-674C9D429EF1}.Release|x64.Build.0 = Release|Any CPU
		{585A0D1F-2608-458F-9864-674C9D429EF1}.Release|x86.ActiveCfg = Release|Any CPU
		{585A0D1F-2608-458F-9864-674C9D429EF1}.Release|x86.Build.0 = Release|Any CPU
		{C93C95CD-84EE-452C-ACF5-F95F1029D53B}.Debug|Any CPU.ActiveCfg = Debug|Any CPU
		{C93C95CD-84EE-452C-ACF5-F95F1029D53B}.Debug|Any CPU.Build.0 = Debug|Any CPU
		{C93C95CD-84EE-452C-ACF5-F95F1029D53B}.Debug|x64.ActiveCfg = Debug|Any CPU
		{C93C95CD-84EE-452C-ACF5-F95F1029D53B}.Debug|x64.Build.0 = Debug|Any CPU
		{C93C95CD-84EE-452C-ACF5-F95F1029D53B}.Debug|x86.ActiveCfg = Debug|Any CPU
		{C93C95CD-84EE-452C-ACF5-F95F1029D53B}.Debug|x86.Build.0 = Debug|Any CPU
		{C93C95CD-84EE-452C-ACF5-F95F1029D53B}.Release|Any CPU.ActiveCfg = Release|Any CPU
		{C93C95CD-84EE-452C-ACF5-F95F1029D53B}.Release|Any CPU.Build.0 = Release|Any CPU
		{C93C95CD-84EE-452C-ACF5-F95F1029D53B}.Release|x64.ActiveCfg = Release|Any CPU
		{C93C95CD-84EE-452C-ACF5-F95F1029D53B}.Release|x64.Build.0 = Release|Any CPU
		{C93C95CD-84EE-452C-ACF5-F95F1029D53B}.Release|x86.ActiveCfg = Release|Any CPU
		{C93C95CD-84EE-452C-ACF5-F95F1029D53B}.Release|x86.Build.0 = Release|Any CPU
		{BB52E1A5-231D-41CA-8355-7B19639FFE66}.Debug|Any CPU.ActiveCfg = Debug|Any CPU
		{BB52E1A5-231D-41CA-8355-7B19639FFE66}.Debug|Any CPU.Build.0 = Debug|Any CPU
		{BB52E1A5-231D-41CA-8355-7B19639FFE66}.Debug|x64.ActiveCfg = Debug|Any CPU
		{BB52E1A5-231D-41CA-8355-7B19639FFE66}.Debug|x64.Build.0 = Debug|Any CPU
		{BB52E1A5-231D-41CA-8355-7B19639FFE66}.Debug|x86.ActiveCfg = Debug|Any CPU
		{BB52E1A5-231D-41CA-8355-7B19639FFE66}.Debug|x86.Build.0 = Debug|Any CPU
		{BB52E1A5-231D-41CA-8355-7B19639FFE66}.Release|Any CPU.ActiveCfg = Release|Any CPU
		{BB52E1A5-231D-41CA-8355-7B19639FFE66}.Release|Any CPU.Build.0 = Release|Any CPU
		{BB52E1A5-231D-41CA-8355-7B19639FFE66}.Release|x64.ActiveCfg = Release|Any CPU
		{BB52E1A5-231D-41CA-8355-7B19639FFE66}.Release|x64.Build.0 = Release|Any CPU
		{BB52E1A5-231D-41CA-8355-7B19639FFE66}.Release|x86.ActiveCfg = Release|Any CPU
		{BB52E1A5-231D-41CA-8355-7B19639FFE66}.Release|x86.Build.0 = Release|Any CPU
	EndGlobalSection
	GlobalSection(SolutionProperties) = preSolution
		HideSolutionNode = FALSE
	EndGlobalSection
	GlobalSection(NestedProjects) = preSolution
		{423F0392-729F-45AC-BAD7-A00F87AEC68B} = {F7DCE79C-5985-4562-9A70-B6D45F74676A}
		{487CB526-68B1-4E66-8E23-824D12752BFC} = {44C371D3-5F1B-4436-A098-C4BF45D9E9EB}
		{E2BAE380-6B0A-4E5A-B060-AF1EB852D082} = {BEA52D67-E982-4691-ADCB-9FF206C9E71D}
		{B1D410AD-C51A-47FC-B92F-65138FBCA8C7} = {BEA52D67-E982-4691-ADCB-9FF206C9E71D}
		{5F95905B-1FF4-49F8-9695-A44357D3B987} = {BEA52D67-E982-4691-ADCB-9FF206C9E71D}
		{BD5D1D76-D741-4734-A576-69F40C0586A9} = {44C371D3-5F1B-4436-A098-C4BF45D9E9EB}
		{EAD0AE9D-7D7E-C6AB-D989-ED6D51F6E4CB} = {99116B1D-F007-E82B-443C-F02EDF2152BC}
		{8EABB0AE-7313-4DF6-BFFE-60FA071B3B72} = {EAD0AE9D-7D7E-C6AB-D989-ED6D51F6E4CB}
		{48918381-2410-4DA7-B436-1FC732780C4D} = {EAD0AE9D-7D7E-C6AB-D989-ED6D51F6E4CB}
		{60256A67-9014-415C-AD46-283EE616356E} = {EAD0AE9D-7D7E-C6AB-D989-ED6D51F6E4CB}
		{98083FF9-B246-467C-8A5F-6AC89BE91B5B} = {EAD0AE9D-7D7E-C6AB-D989-ED6D51F6E4CB}
		{62FB0FD9-71FA-42B7-A3D0-3F265570E378} = {EAD0AE9D-7D7E-C6AB-D989-ED6D51F6E4CB}
		{30C7E742-0141-45EB-B7AA-F39B7BC5907C} = {EAD0AE9D-7D7E-C6AB-D989-ED6D51F6E4CB}
		{585A0D1F-2608-458F-9864-674C9D429EF1} = {EAD0AE9D-7D7E-C6AB-D989-ED6D51F6E4CB}
		{C93C95CD-84EE-452C-ACF5-F95F1029D53B} = {EAD0AE9D-7D7E-C6AB-D989-ED6D51F6E4CB}
		{BB52E1A5-231D-41CA-8355-7B19639FFE66} = {EAD0AE9D-7D7E-C6AB-D989-ED6D51F6E4CB}
	EndGlobalSection
	GlobalSection(ExtensibilityGlobals) = postSolution
		SolutionGuid = {97A0BFFB-95F1-4683-AE64-44DD1498643C}
	EndGlobalSection
EndGlobal
